{
  "version": 4,
  "terraform_version": "1.3.7",
  "serial": 69,
  "lineage": "9a48013b-2ca5-d8ce-5870-85be7c2b30b5",
  "outputs": {},
  "resources": [
    {
      "mode": "managed",
      "type": "google_bigquery_dataset",
      "name": "dataset",
      "provider": "provider[\"registry.terraform.io/hashicorp/google\"]",
      "instances": [
        {
          "schema_version": 0,
          "attributes": {
            "access": [
              {
                "dataset": [],
                "domain": "",
                "group_by_email": "",
                "role": "OWNER",
                "routine": [],
                "special_group": "",
                "user_by_email": "fedrpi@gmail.com",
                "view": []
              },
              {
                "dataset": [],
                "domain": "",
                "group_by_email": "",
                "role": "OWNER",
                "routine": [],
                "special_group": "projectOwners",
                "user_by_email": "",
                "view": []
              },
              {
                "dataset": [],
                "domain": "",
                "group_by_email": "",
                "role": "READER",
                "routine": [],
                "special_group": "projectReaders",
                "user_by_email": "",
                "view": []
              },
              {
                "dataset": [],
                "domain": "",
                "group_by_email": "",
                "role": "WRITER",
                "routine": [],
                "special_group": "projectWriters",
                "user_by_email": "",
                "view": []
              }
            ],
            "creation_time": 1680113343216,
            "dataset_id": "bandcamp",
            "default_collation": "",
            "default_encryption_configuration": [],
            "default_partition_expiration_ms": 0,
            "default_table_expiration_ms": 0,
            "delete_contents_on_destroy": false,
            "description": "",
            "etag": "dyy+tm6rM6/L5uIa7vH2rw==",
            "friendly_name": "",
            "id": "projects/dtc-bandcamp-ff/datasets/bandcamp",
            "is_case_insensitive": false,
            "labels": {},
            "last_modified_time": 1680113343216,
            "location": "europe-west6",
            "max_time_travel_hours": "",
            "project": "dtc-bandcamp-ff",
            "self_link": "https://bigquery.googleapis.com/bigquery/v2/projects/dtc-bandcamp-ff/datasets/bandcamp",
            "timeouts": null
          },
          "sensitive_attributes": [],
          "private": "eyJlMmJmYjczMC1lY2FhLTExZTYtOGY4OC0zNDM2M2JjN2M0YzAiOnsiY3JlYXRlIjoxMjAwMDAwMDAwMDAwLCJkZWxldGUiOjEyMDAwMDAwMDAwMDAsInVwZGF0ZSI6MTIwMDAwMDAwMDAwMH19"
        }
      ]
    },
    {
      "mode": "managed",
      "type": "google_bigquery_dataset",
      "name": "dbt_bandcamp",
      "provider": "provider[\"registry.terraform.io/hashicorp/google\"]",
      "instances": [
        {
          "schema_version": 0,
          "attributes": {
            "access": [
              {
                "dataset": [],
                "domain": "",
                "group_by_email": "",
                "role": "OWNER",
                "routine": [],
                "special_group": "",
                "user_by_email": "fedrpi@gmail.com",
                "view": []
              },
              {
                "dataset": [],
                "domain": "",
                "group_by_email": "",
                "role": "OWNER",
                "routine": [],
                "special_group": "projectOwners",
                "user_by_email": "",
                "view": []
              },
              {
                "dataset": [],
                "domain": "",
                "group_by_email": "",
                "role": "READER",
                "routine": [],
                "special_group": "projectReaders",
                "user_by_email": "",
                "view": []
              },
              {
                "dataset": [],
                "domain": "",
                "group_by_email": "",
                "role": "WRITER",
                "routine": [],
                "special_group": "projectWriters",
                "user_by_email": "",
                "view": []
              }
            ],
            "creation_time": 1680113342915,
            "dataset_id": "dbt_bandcamp",
            "default_collation": "",
            "default_encryption_configuration": [],
            "default_partition_expiration_ms": 0,
            "default_table_expiration_ms": 0,
            "delete_contents_on_destroy": false,
            "description": "",
            "etag": "Qc5C+X8FK0M7dYeB9IskPw==",
            "friendly_name": "",
            "id": "projects/dtc-bandcamp-ff/datasets/dbt_bandcamp",
            "is_case_insensitive": false,
            "labels": {},
            "last_modified_time": 1680113342915,
            "location": "europe-west6",
            "max_time_travel_hours": "",
            "project": "dtc-bandcamp-ff",
            "self_link": "https://bigquery.googleapis.com/bigquery/v2/projects/dtc-bandcamp-ff/datasets/dbt_bandcamp",
            "timeouts": null
          },
          "sensitive_attributes": [],
          "private": "eyJlMmJmYjczMC1lY2FhLTExZTYtOGY4OC0zNDM2M2JjN2M0YzAiOnsiY3JlYXRlIjoxMjAwMDAwMDAwMDAwLCJkZWxldGUiOjEyMDAwMDAwMDAwMDAsInVwZGF0ZSI6MTIwMDAwMDAwMDAwMH19"
        }
      ]
    },
    {
      "mode": "managed",
      "type": "google_bigquery_dataset",
      "name": "dbt_elementary",
      "provider": "provider[\"registry.terraform.io/hashicorp/google\"]",
      "instances": [
        {
          "schema_version": 0,
          "attributes": {
            "access": [
              {
                "dataset": [],
                "domain": "",
                "group_by_email": "",
                "role": "OWNER",
                "routine": [],
                "special_group": "",
                "user_by_email": "fedrpi@gmail.com",
                "view": []
              },
              {
                "dataset": [],
                "domain": "",
                "group_by_email": "",
                "role": "OWNER",
                "routine": [],
                "special_group": "projectOwners",
                "user_by_email": "",
                "view": []
              },
              {
                "dataset": [],
                "domain": "",
                "group_by_email": "",
                "role": "READER",
                "routine": [],
                "special_group": "projectReaders",
                "user_by_email": "",
                "view": []
              },
              {
                "dataset": [],
                "domain": "",
                "group_by_email": "",
                "role": "WRITER",
                "routine": [],
                "special_group": "projectWriters",
                "user_by_email": "",
                "view": []
              }
            ],
            "creation_time": 1680113342916,
            "dataset_id": "dbt_elementary",
            "default_collation": "",
            "default_encryption_configuration": [],
            "default_partition_expiration_ms": 0,
            "default_table_expiration_ms": 0,
            "delete_contents_on_destroy": false,
            "description": "",
            "etag": "J1yMGVsqKWh3Lk2tO1uVNQ==",
            "friendly_name": "",
            "id": "projects/dtc-bandcamp-ff/datasets/dbt_elementary",
            "is_case_insensitive": false,
            "labels": {},
            "last_modified_time": 1680113342916,
            "location": "europe-west6",
            "max_time_travel_hours": "",
            "project": "dtc-bandcamp-ff",
            "self_link": "https://bigquery.googleapis.com/bigquery/v2/projects/dtc-bandcamp-ff/datasets/dbt_elementary",
            "timeouts": null
          },
          "sensitive_attributes": [],
          "private": "eyJlMmJmYjczMC1lY2FhLTExZTYtOGY4OC0zNDM2M2JjN2M0YzAiOnsiY3JlYXRlIjoxMjAwMDAwMDAwMDAwLCJkZWxldGUiOjEyMDAwMDAwMDAwMDAsInVwZGF0ZSI6MTIwMDAwMDAwMDAwMH19"
        }
      ]
    },
    {
      "mode": "managed",
      "type": "google_compute_firewall",
      "name": "dbt",
      "provider": "provider[\"registry.terraform.io/hashicorp/google\"]",
      "instances": [
        {
          "schema_version": 1,
          "attributes": {
            "allow": [
              {
                "ports": [
                  "80",
                  "8080",
                  "8081"
                ],
                "protocol": "tcp"
              }
            ],
            "creation_timestamp": "2023-03-29T11:09:03.102-07:00",
            "deny": [],
            "description": "",
            "destination_ranges": [],
            "direction": "INGRESS",
            "disabled": false,
            "enable_logging": null,
            "id": "projects/dtc-bandcamp-ff/global/firewalls/dbt",
            "log_config": [],
            "name": "dbt",
            "network": "https://www.googleapis.com/compute/v1/projects/dtc-bandcamp-ff/global/networks/default",
            "priority": 1000,
            "project": "dtc-bandcamp-ff",
            "self_link": "https://www.googleapis.com/compute/v1/projects/dtc-bandcamp-ff/global/firewalls/dbt",
            "source_ranges": [
              "0.0.0.0/0"
            ],
            "source_service_accounts": [],
            "source_tags": [],
            "target_service_accounts": [],
            "target_tags": [],
            "timeouts": null
          },
          "sensitive_attributes": [],
          "private": "eyJlMmJmYjczMC1lY2FhLTExZTYtOGY4OC0zNDM2M2JjN2M0YzAiOnsiY3JlYXRlIjoxMjAwMDAwMDAwMDAwLCJkZWxldGUiOjEyMDAwMDAwMDAwMDAsInVwZGF0ZSI6MTIwMDAwMDAwMDAwMH0sInNjaGVtYV92ZXJzaW9uIjoiMSJ9"
        }
      ]
    },
    {
      "mode": "managed",
      "type": "google_compute_firewall",
      "name": "metabase",
      "provider": "provider[\"registry.terraform.io/hashicorp/google\"]",
      "instances": [
        {
          "schema_version": 1,
          "attributes": {
            "allow": [
              {
                "ports": [
                  "3000"
                ],
                "protocol": "tcp"
              }
            ],
            "creation_timestamp": "2023-03-29T11:09:03.032-07:00",
            "deny": [],
            "description": "",
            "destination_ranges": [],
            "direction": "INGRESS",
            "disabled": false,
            "enable_logging": null,
            "id": "projects/dtc-bandcamp-ff/global/firewalls/metabase",
            "log_config": [],
            "name": "metabase",
            "network": "https://www.googleapis.com/compute/v1/projects/dtc-bandcamp-ff/global/networks/default",
            "priority": 1000,
            "project": "dtc-bandcamp-ff",
            "self_link": "https://www.googleapis.com/compute/v1/projects/dtc-bandcamp-ff/global/firewalls/metabase",
            "source_ranges": [
              "0.0.0.0/0"
            ],
            "source_service_accounts": [],
            "source_tags": [],
            "target_service_accounts": [],
            "target_tags": [],
            "timeouts": null
          },
          "sensitive_attributes": [],
          "private": "eyJlMmJmYjczMC1lY2FhLTExZTYtOGY4OC0zNDM2M2JjN2M0YzAiOnsiY3JlYXRlIjoxMjAwMDAwMDAwMDAwLCJkZWxldGUiOjEyMDAwMDAwMDAwMDAsInVwZGF0ZSI6MTIwMDAwMDAwMDAwMH0sInNjaGVtYV92ZXJzaW9uIjoiMSJ9"
        }
      ]
    },
    {
      "mode": "managed",
      "type": "google_compute_firewall",
      "name": "prefect",
      "provider": "provider[\"registry.terraform.io/hashicorp/google\"]",
      "instances": [
        {
          "schema_version": 1,
          "attributes": {
            "allow": [
              {
                "ports": [
                  "4200"
                ],
                "protocol": "tcp"
              }
            ],
            "creation_timestamp": "2023-03-29T11:09:03.062-07:00",
            "deny": [],
            "description": "",
            "destination_ranges": [],
            "direction": "INGRESS",
            "disabled": false,
            "enable_logging": null,
            "id": "projects/dtc-bandcamp-ff/global/firewalls/prefect",
            "log_config": [],
            "name": "prefect",
            "network": "https://www.googleapis.com/compute/v1/projects/dtc-bandcamp-ff/global/networks/default",
            "priority": 1000,
            "project": "dtc-bandcamp-ff",
            "self_link": "https://www.googleapis.com/compute/v1/projects/dtc-bandcamp-ff/global/firewalls/prefect",
            "source_ranges": [
              "0.0.0.0/0"
            ],
            "source_service_accounts": [],
            "source_tags": [],
            "target_service_accounts": [],
            "target_tags": [],
            "timeouts": null
          },
          "sensitive_attributes": [],
          "private": "eyJlMmJmYjczMC1lY2FhLTExZTYtOGY4OC0zNDM2M2JjN2M0YzAiOnsiY3JlYXRlIjoxMjAwMDAwMDAwMDAwLCJkZWxldGUiOjEyMDAwMDAwMDAwMDAsInVwZGF0ZSI6MTIwMDAwMDAwMDAwMH0sInNjaGVtYV92ZXJzaW9uIjoiMSJ9"
        }
      ]
    },
    {
      "mode": "managed",
      "type": "google_project",
      "name": "dtc-bandcamp-project",
      "provider": "provider[\"registry.terraform.io/hashicorp/google\"]",
      "instances": [
        {
          "schema_version": 1,
          "attributes": {
            "auto_create_network": true,
            "billing_account": "01425D-C92DEF-F3FEDD",
            "folder_id": null,
            "id": "projects/dtc-bandcamp-ff",
            "labels": {},
            "name": "dtc-bandcamp-project",
            "number": "728522989778",
            "org_id": null,
            "project_id": "dtc-bandcamp-ff",
            "skip_delete": null,
            "timeouts": null
          },
          "sensitive_attributes": [],
          "private": "eyJlMmJmYjczMC1lY2FhLTExZTYtOGY4OC0zNDM2M2JjN2M0YzAiOnsiY3JlYXRlIjo2MDAwMDAwMDAwMDAsImRlbGV0ZSI6NjAwMDAwMDAwMDAwLCJyZWFkIjo2MDAwMDAwMDAwMDAsInVwZGF0ZSI6NjAwMDAwMDAwMDAwfSwic2NoZW1hX3ZlcnNpb24iOiIxIn0="
        }
      ]
    },
    {
      "mode": "managed",
      "type": "google_project_iam_member",
      "name": "dbt",
      "provider": "provider[\"registry.terraform.io/hashicorp/google\"]",
      "instances": [
        {
          "index_key": "roles/bigquery.admin",
          "schema_version": 0,
          "attributes": {
            "condition": [],
            "etag": "BwX4DeLKS80=",
            "id": "dtc-bandcamp-ff/roles/bigquery.admin/serviceAccount:dbt-dtc-bandcamp-ff@dtc-bandcamp-ff.iam.gserviceaccount.com",
            "member": "serviceAccount:dbt-dtc-bandcamp-ff@dtc-bandcamp-ff.iam.gserviceaccount.com",
            "project": "dtc-bandcamp-ff",
            "role": "roles/bigquery.admin"
          },
          "sensitive_attributes": [],
          "private": "bnVsbA==",
          "dependencies": [
            "google_project_service.iam",
            "google_service_account.dbt_service_account"
          ]
        },
        {
          "index_key": "roles/bigquery.dataOwner",
          "schema_version": 0,
          "attributes": {
            "condition": [],
            "etag": "BwX4DeLKS80=",
            "id": "dtc-bandcamp-ff/roles/bigquery.dataOwner/serviceAccount:dbt-dtc-bandcamp-ff@dtc-bandcamp-ff.iam.gserviceaccount.com",
            "member": "serviceAccount:dbt-dtc-bandcamp-ff@dtc-bandcamp-ff.iam.gserviceaccount.com",
            "project": "dtc-bandcamp-ff",
            "role": "roles/bigquery.dataOwner"
          },
          "sensitive_attributes": [],
          "private": "bnVsbA==",
          "dependencies": [
            "google_project_service.iam",
            "google_service_account.dbt_service_account"
          ]
        },
        {
          "index_key": "roles/storage.admin",
          "schema_version": 0,
          "attributes": {
            "condition": [],
            "etag": "BwX4DeLKS80=",
            "id": "dtc-bandcamp-ff/roles/storage.admin/serviceAccount:dbt-dtc-bandcamp-ff@dtc-bandcamp-ff.iam.gserviceaccount.com",
            "member": "serviceAccount:dbt-dtc-bandcamp-ff@dtc-bandcamp-ff.iam.gserviceaccount.com",
            "project": "dtc-bandcamp-ff",
            "role": "roles/storage.admin"
          },
          "sensitive_attributes": [],
          "private": "bnVsbA==",
          "dependencies": [
            "google_project_service.iam",
            "google_service_account.dbt_service_account"
          ]
        },
        {
          "index_key": "roles/storage.objectAdmin",
          "schema_version": 0,
          "attributes": {
            "condition": [],
            "etag": "BwX4DeLKS80=",
            "id": "dtc-bandcamp-ff/roles/storage.objectAdmin/serviceAccount:dbt-dtc-bandcamp-ff@dtc-bandcamp-ff.iam.gserviceaccount.com",
            "member": "serviceAccount:dbt-dtc-bandcamp-ff@dtc-bandcamp-ff.iam.gserviceaccount.com",
            "project": "dtc-bandcamp-ff",
            "role": "roles/storage.objectAdmin"
          },
          "sensitive_attributes": [],
          "private": "bnVsbA==",
          "dependencies": [
            "google_project_service.iam",
            "google_service_account.dbt_service_account"
          ]
        }
      ]
    },
    {
      "mode": "managed",
      "type": "google_project_iam_member",
      "name": "owner",
      "provider": "provider[\"registry.terraform.io/hashicorp/google\"]",
      "instances": [
        {
          "index_key": "roles/bigquery.admin",
          "schema_version": 0,
          "attributes": {
            "condition": [],
            "etag": "BwX4DeLKS80=",
            "id": "dtc-bandcamp-ff/roles/bigquery.admin/serviceAccount:owner-dtc-bandcamp-ff@dtc-bandcamp-ff.iam.gserviceaccount.com",
            "member": "serviceAccount:owner-dtc-bandcamp-ff@dtc-bandcamp-ff.iam.gserviceaccount.com",
            "project": "dtc-bandcamp-ff",
            "role": "roles/bigquery.admin"
          },
          "sensitive_attributes": [],
          "private": "bnVsbA==",
          "dependencies": [
            "google_project_service.iam",
            "google_service_account.owner_service_account"
          ]
        },
        {
          "index_key": "roles/bigquery.dataOwner",
          "schema_version": 0,
          "attributes": {
            "condition": [],
            "etag": "BwX4DeLKS80=",
            "id": "dtc-bandcamp-ff/roles/bigquery.dataOwner/serviceAccount:owner-dtc-bandcamp-ff@dtc-bandcamp-ff.iam.gserviceaccount.com",
            "member": "serviceAccount:owner-dtc-bandcamp-ff@dtc-bandcamp-ff.iam.gserviceaccount.com",
            "project": "dtc-bandcamp-ff",
            "role": "roles/bigquery.dataOwner"
          },
          "sensitive_attributes": [],
          "private": "bnVsbA==",
          "dependencies": [
            "google_project_service.iam",
            "google_service_account.owner_service_account"
          ]
        },
        {
          "index_key": "roles/storage.admin",
          "schema_version": 0,
          "attributes": {
            "condition": [],
            "etag": "BwX4DeLKS80=",
            "id": "dtc-bandcamp-ff/roles/storage.admin/serviceAccount:owner-dtc-bandcamp-ff@dtc-bandcamp-ff.iam.gserviceaccount.com",
            "member": "serviceAccount:owner-dtc-bandcamp-ff@dtc-bandcamp-ff.iam.gserviceaccount.com",
            "project": "dtc-bandcamp-ff",
            "role": "roles/storage.admin"
          },
          "sensitive_attributes": [],
          "private": "bnVsbA==",
          "dependencies": [
            "google_project_service.iam",
            "google_service_account.owner_service_account"
          ]
        },
        {
          "index_key": "roles/storage.objectAdmin",
          "schema_version": 0,
          "attributes": {
            "condition": [],
            "etag": "BwX4DeLKS80=",
            "id": "dtc-bandcamp-ff/roles/storage.objectAdmin/serviceAccount:owner-dtc-bandcamp-ff@dtc-bandcamp-ff.iam.gserviceaccount.com",
            "member": "serviceAccount:owner-dtc-bandcamp-ff@dtc-bandcamp-ff.iam.gserviceaccount.com",
            "project": "dtc-bandcamp-ff",
            "role": "roles/storage.objectAdmin"
          },
          "sensitive_attributes": [],
          "private": "bnVsbA==",
          "dependencies": [
            "google_project_service.iam",
            "google_service_account.owner_service_account"
          ]
        }
      ]
    },
    {
      "mode": "managed",
      "type": "google_project_iam_member",
      "name": "prefect",
      "provider": "provider[\"registry.terraform.io/hashicorp/google\"]",
      "instances": [
        {
          "index_key": "roles/bigquery.admin",
          "schema_version": 0,
          "attributes": {
            "condition": [],
            "etag": "BwX4DeLKS80=",
            "id": "dtc-bandcamp-ff/roles/bigquery.admin/serviceAccount:prefect-dtc-bandcamp-ff@dtc-bandcamp-ff.iam.gserviceaccount.com",
            "member": "serviceAccount:prefect-dtc-bandcamp-ff@dtc-bandcamp-ff.iam.gserviceaccount.com",
            "project": "dtc-bandcamp-ff",
            "role": "roles/bigquery.admin"
          },
          "sensitive_attributes": [],
          "private": "bnVsbA==",
          "dependencies": [
            "google_project_service.iam",
            "google_service_account.prefect_service_account"
          ]
        },
        {
          "index_key": "roles/bigquery.dataOwner",
          "schema_version": 0,
          "attributes": {
            "condition": [],
            "etag": "BwX4DeLKS80=",
            "id": "dtc-bandcamp-ff/roles/bigquery.dataOwner/serviceAccount:prefect-dtc-bandcamp-ff@dtc-bandcamp-ff.iam.gserviceaccount.com",
            "member": "serviceAccount:prefect-dtc-bandcamp-ff@dtc-bandcamp-ff.iam.gserviceaccount.com",
            "project": "dtc-bandcamp-ff",
            "role": "roles/bigquery.dataOwner"
          },
          "sensitive_attributes": [],
          "private": "bnVsbA==",
          "dependencies": [
            "google_project_service.iam",
            "google_service_account.prefect_service_account"
          ]
        },
        {
          "index_key": "roles/storage.admin",
          "schema_version": 0,
          "attributes": {
            "condition": [],
            "etag": "BwX4DeLKS80=",
            "id": "dtc-bandcamp-ff/roles/storage.admin/serviceAccount:prefect-dtc-bandcamp-ff@dtc-bandcamp-ff.iam.gserviceaccount.com",
            "member": "serviceAccount:prefect-dtc-bandcamp-ff@dtc-bandcamp-ff.iam.gserviceaccount.com",
            "project": "dtc-bandcamp-ff",
            "role": "roles/storage.admin"
          },
          "sensitive_attributes": [],
          "private": "bnVsbA==",
          "dependencies": [
            "google_project_service.iam",
            "google_service_account.prefect_service_account"
          ]
        },
        {
          "index_key": "roles/storage.objectAdmin",
          "schema_version": 0,
          "attributes": {
            "condition": [],
            "etag": "BwX4DeLKS80=",
            "id": "dtc-bandcamp-ff/roles/storage.objectAdmin/serviceAccount:prefect-dtc-bandcamp-ff@dtc-bandcamp-ff.iam.gserviceaccount.com",
            "member": "serviceAccount:prefect-dtc-bandcamp-ff@dtc-bandcamp-ff.iam.gserviceaccount.com",
            "project": "dtc-bandcamp-ff",
            "role": "roles/storage.objectAdmin"
          },
          "sensitive_attributes": [],
          "private": "bnVsbA==",
          "dependencies": [
            "google_project_service.iam",
            "google_service_account.prefect_service_account"
          ]
        }
      ]
    },
    {
      "mode": "managed",
      "type": "google_project_service",
      "name": "bigquery",
      "provider": "provider[\"registry.terraform.io/hashicorp/google\"]",
      "instances": [
        {
          "schema_version": 0,
          "attributes": {
            "disable_dependent_services": null,
            "disable_on_destroy": true,
            "id": "dtc-bandcamp-ff/bigquery.googleapis.com",
            "project": "dtc-bandcamp-ff",
            "service": "bigquery.googleapis.com",
            "timeouts": null
          },
          "sensitive_attributes": [],
          "private": "eyJlMmJmYjczMC1lY2FhLTExZTYtOGY4OC0zNDM2M2JjN2M0YzAiOnsiY3JlYXRlIjoxMjAwMDAwMDAwMDAwLCJkZWxldGUiOjEyMDAwMDAwMDAwMDAsInJlYWQiOjYwMDAwMDAwMDAwMCwidXBkYXRlIjoxMjAwMDAwMDAwMDAwfX0="
        }
      ]
    },
    {
      "mode": "managed",
      "type": "google_project_service",
      "name": "cloud_storage",
      "provider": "provider[\"registry.terraform.io/hashicorp/google\"]",
      "instances": [
        {
          "schema_version": 0,
          "attributes": {
            "disable_dependent_services": null,
            "disable_on_destroy": true,
            "id": "dtc-bandcamp-ff/storage-component.googleapis.com",
            "project": "dtc-bandcamp-ff",
            "service": "storage-component.googleapis.com",
            "timeouts": null
          },
          "sensitive_attributes": [],
          "private": "eyJlMmJmYjczMC1lY2FhLTExZTYtOGY4OC0zNDM2M2JjN2M0YzAiOnsiY3JlYXRlIjoxMjAwMDAwMDAwMDAwLCJkZWxldGUiOjEyMDAwMDAwMDAwMDAsInJlYWQiOjYwMDAwMDAwMDAwMCwidXBkYXRlIjoxMjAwMDAwMDAwMDAwfX0="
        }
      ]
    },
    {
      "mode": "managed",
      "type": "google_project_service",
      "name": "compute_engine",
      "provider": "provider[\"registry.terraform.io/hashicorp/google\"]",
      "instances": [
        {
          "schema_version": 0,
          "attributes": {
            "disable_dependent_services": null,
            "disable_on_destroy": true,
            "id": "dtc-bandcamp-ff/compute.googleapis.com",
            "project": "dtc-bandcamp-ff",
            "service": "compute.googleapis.com",
            "timeouts": null
          },
          "sensitive_attributes": [],
          "private": "eyJlMmJmYjczMC1lY2FhLTExZTYtOGY4OC0zNDM2M2JjN2M0YzAiOnsiY3JlYXRlIjoxMjAwMDAwMDAwMDAwLCJkZWxldGUiOjEyMDAwMDAwMDAwMDAsInJlYWQiOjYwMDAwMDAwMDAwMCwidXBkYXRlIjoxMjAwMDAwMDAwMDAwfX0="
        }
      ]
    },
    {
      "mode": "managed",
      "type": "google_project_service",
      "name": "iam",
      "provider": "provider[\"registry.terraform.io/hashicorp/google\"]",
      "instances": [
        {
          "schema_version": 0,
          "attributes": {
            "disable_dependent_services": null,
            "disable_on_destroy": true,
            "id": "dtc-bandcamp-ff/iam.googleapis.com",
            "project": "dtc-bandcamp-ff",
            "service": "iam.googleapis.com",
            "timeouts": null
          },
          "sensitive_attributes": [],
          "private": "eyJlMmJmYjczMC1lY2FhLTExZTYtOGY4OC0zNDM2M2JjN2M0YzAiOnsiY3JlYXRlIjoxMjAwMDAwMDAwMDAwLCJkZWxldGUiOjEyMDAwMDAwMDAwMDAsInJlYWQiOjYwMDAwMDAwMDAwMCwidXBkYXRlIjoxMjAwMDAwMDAwMDAwfX0="
        }
      ]
    },
    {
      "mode": "managed",
      "type": "google_service_account",
      "name": "dbt_service_account",
      "provider": "provider[\"registry.terraform.io/hashicorp/google\"]",
      "instances": [
        {
          "schema_version": 0,
          "attributes": {
            "account_id": "dbt-dtc-bandcamp-ff",
            "description": "",
            "disabled": false,
            "display_name": "dbt service account",
            "email": "dbt-dtc-bandcamp-ff@dtc-bandcamp-ff.iam.gserviceaccount.com",
            "id": "projects/dtc-bandcamp-ff/serviceAccounts/dbt-dtc-bandcamp-ff@dtc-bandcamp-ff.iam.gserviceaccount.com",
            "member": "serviceAccount:dbt-dtc-bandcamp-ff@dtc-bandcamp-ff.iam.gserviceaccount.com",
            "name": "projects/dtc-bandcamp-ff/serviceAccounts/dbt-dtc-bandcamp-ff@dtc-bandcamp-ff.iam.gserviceaccount.com",
            "project": "dtc-bandcamp-ff",
            "timeouts": null,
            "unique_id": "115721869663484952617"
          },
          "sensitive_attributes": [],
          "private": "eyJlMmJmYjczMC1lY2FhLTExZTYtOGY4OC0zNDM2M2JjN2M0YzAiOnsiY3JlYXRlIjozMDAwMDAwMDAwMDB9fQ=="
        }
      ]
    },
    {
      "mode": "managed",
      "type": "google_service_account",
      "name": "owner_service_account",
      "provider": "provider[\"registry.terraform.io/hashicorp/google\"]",
      "instances": [
        {
          "schema_version": 0,
          "attributes": {
            "account_id": "owner-dtc-bandcamp-ff",
            "description": "",
            "disabled": false,
            "display_name": "owner service account",
            "email": "owner-dtc-bandcamp-ff@dtc-bandcamp-ff.iam.gserviceaccount.com",
            "id": "projects/dtc-bandcamp-ff/serviceAccounts/owner-dtc-bandcamp-ff@dtc-bandcamp-ff.iam.gserviceaccount.com",
            "member": "serviceAccount:owner-dtc-bandcamp-ff@dtc-bandcamp-ff.iam.gserviceaccount.com",
            "name": "projects/dtc-bandcamp-ff/serviceAccounts/owner-dtc-bandcamp-ff@dtc-bandcamp-ff.iam.gserviceaccount.com",
            "project": "dtc-bandcamp-ff",
            "timeouts": null,
            "unique_id": "102782184597106290092"
          },
          "sensitive_attributes": [],
          "private": "eyJlMmJmYjczMC1lY2FhLTExZTYtOGY4OC0zNDM2M2JjN2M0YzAiOnsiY3JlYXRlIjozMDAwMDAwMDAwMDB9fQ=="
        }
      ]
    },
    {
      "mode": "managed",
      "type": "google_service_account",
      "name": "prefect_service_account",
      "provider": "provider[\"registry.terraform.io/hashicorp/google\"]",
      "instances": [
        {
          "schema_version": 0,
          "attributes": {
            "account_id": "prefect-dtc-bandcamp-ff",
            "description": "",
            "disabled": false,
            "display_name": "prefect service account",
            "email": "prefect-dtc-bandcamp-ff@dtc-bandcamp-ff.iam.gserviceaccount.com",
            "id": "projects/dtc-bandcamp-ff/serviceAccounts/prefect-dtc-bandcamp-ff@dtc-bandcamp-ff.iam.gserviceaccount.com",
            "member": "serviceAccount:prefect-dtc-bandcamp-ff@dtc-bandcamp-ff.iam.gserviceaccount.com",
            "name": "projects/dtc-bandcamp-ff/serviceAccounts/prefect-dtc-bandcamp-ff@dtc-bandcamp-ff.iam.gserviceaccount.com",
            "project": "dtc-bandcamp-ff",
            "timeouts": null,
            "unique_id": "111910173200170536060"
          },
          "sensitive_attributes": [],
          "private": "eyJlMmJmYjczMC1lY2FhLTExZTYtOGY4OC0zNDM2M2JjN2M0YzAiOnsiY3JlYXRlIjozMDAwMDAwMDAwMDB9fQ=="
        }
      ]
    },
    {
      "mode": "managed",
      "type": "google_storage_bucket",
      "name": "data-lake-bucket",
      "provider": "provider[\"registry.terraform.io/hashicorp/google\"]",
      "instances": [
        {
          "schema_version": 0,
          "attributes": {
            "autoclass": [],
            "cors": [],
            "custom_placement_config": [],
            "default_event_based_hold": false,
            "encryption": [],
            "force_destroy": true,
            "id": "dtc_data_lake_dtc-bandcamp-ff",
            "labels": {},
            "lifecycle_rule": [
              {
                "action": [
                  {
                    "storage_class": "",
                    "type": "Delete"
                  }
                ],
                "condition": [
                  {
                    "age": 30,
                    "created_before": "",
                    "custom_time_before": "",
                    "days_since_custom_time": 0,
                    "days_since_noncurrent_time": 0,
                    "matches_prefix": [],
                    "matches_storage_class": [],
                    "matches_suffix": [],
                    "noncurrent_time_before": "",
                    "num_newer_versions": 0,
                    "with_state": "ANY"
                  }
                ]
              }
            ],
            "location": "EUROPE-WEST6",
            "logging": [],
            "name": "dtc_data_lake_dtc-bandcamp-ff",
            "project": "dtc-bandcamp-ff",
            "public_access_prevention": "inherited",
            "requester_pays": false,
            "retention_policy": [],
            "self_link": "https://www.googleapis.com/storage/v1/b/dtc_data_lake_dtc-bandcamp-ff",
            "storage_class": "STANDARD",
            "timeouts": null,
            "uniform_bucket_level_access": true,
            "url": "gs://dtc_data_lake_dtc-bandcamp-ff",
            "versioning": [
              {
                "enabled": true
              }
            ],
            "website": []
          },
          "sensitive_attributes": [],
          "private": "eyJlMmJmYjczMC1lY2FhLTExZTYtOGY4OC0zNDM2M2JjN2M0YzAiOnsiY3JlYXRlIjo2MDAwMDAwMDAwMDAsInJlYWQiOjI0MDAwMDAwMDAwMCwidXBkYXRlIjoyNDAwMDAwMDAwMDB9fQ=="
        }
      ]
    }
  ],
  "check_results": null
}
